Microsoft Visual Studio Solution File, Format Version 12.00
# Visual Studio Version 17
VisualStudioVersion = 17.5.2.0
MinimumVisualStudioVersion = 10.0.40219.1
Project("{FAE04EC0-301F-11D3-BF4B-00C04F79EFBC}") = "GerenciadorLivro.AppConsole", "GerenciadorLivro.AppConsole.csproj", "{7ABC5CEC-348B-1BD7-7551-F48E1FC63B3C}"
EndProject
Global
	GlobalSection(SolutionConfigurationPlatforms) = preSolution
		Debug|Any CPU = Debug|Any CPU
		Release|Any CPU = Release|Any CPU
	EndGlobalSection
	GlobalSection(ProjectConfigurationPlatforms) = postSolution
		{7ABC5CEC-348B-1BD7-7551-F48E1FC63B3C}.Debug|Any CPU.ActiveCfg = Debug|Any CPU
		{7ABC5CEC-348B-1BD7-7551-F48E1FC63B3C}.Debug|Any CPU.Build.0 = Debug|Any CPU
		{7ABC5CEC-348B-1BD7-7551-F48E1FC63B3C}.Release|Any CPU.ActiveCfg = Release|Any CPU
		{7ABC5CEC-348B-1BD7-7551-F48E1FC63B3C}.Release|Any CPU.Build.0 = Release|Any CPU
	EndGlobalSection
	GlobalSection(SolutionProperties) = preSolution
		HideSolutionNode = FALSE
	EndGlobalSection
	GlobalSection(ExtensibilityGlobals) = postSolution
		SolutionGuid = {F4E02F20-A509-4585-A013-631DF4B33377}
	EndGlobalSection
EndGlobal
